
Microsoft Visual Studio Solution File, Format Version 12.00
# Visual Studio 2013
VisualStudioVersion = 12.0.31101.0
MinimumVisualStudioVersion = 10.0.40219.1
Project("{FAE04EC0-301F-11D3-BF4B-00C04F79EFBC}") = "CookiesWebStorages", "CookiesWebStorages\CookiesWebStorages.csproj", "{E0C3AC11-6CF9-4AC5-8D2B-481F81D1DA0B}"
EndProject
Global
	GlobalSection(SolutionConfigurationPlatforms) = preSolution
		Debug|Any CPU = Debug|Any CPU
		Release|Any CPU = Release|Any CPU
	EndGlobalSection
	GlobalSection(ProjectConfigurationPlatforms) = postSolution
		{E0C3AC11-6CF9-4AC5-8D2B-481F81D1DA0B}.Debug|Any CPU.ActiveCfg = Debug|Any CPU
		{E0C3AC11-6CF9-4AC5-8D2B-481F81D1DA0B}.Debug|Any CPU.Build.0 = Debug|Any CPU
		{E0C3AC11-6CF9-4AC5-8D2B-481F81D1DA0B}.Release|Any CPU.ActiveCfg = Release|Any CPU
		{E0C3AC11-6CF9-4AC5-8D2B-481F81D1DA0B}.Release|Any CPU.Build.0 = Release|Any CPU
	EndGlobalSection
	GlobalSection(SolutionProperties) = preSolution
		HideSolutionNode = FALSE
	EndGlobalSection
EndGlobal
