
Microsoft Visual Studio Solution File, Format Version 12.00
# Visual Studio 2013
VisualStudioVersion = 12.0.30723.0
MinimumVisualStudioVersion = 10.0.40219.1
Project("{FAE04EC0-301F-11D3-BF4B-00C04F79EFBC}") = "01.StringBuilderExtensions", "01.StringBuilderExtensions\01.StringBuilderExtensions.csproj", "{CAFC52FF-4D08-40F2-B09C-5CF62A9B7600}"
EndProject
Project("{FAE04EC0-301F-11D3-BF4B-00C04F79EFBC}") = "02.CustomLINQExtensionMethods", "02.CustomLINQExtensionMethods\02.CustomLINQExtensionMethods.csproj", "{FCA5005F-DC19-4094-8F4E-CB80EFD8C7A5}"
EndProject
Project("{FAE04EC0-301F-11D3-BF4B-00C04F79EFBC}") = "03-14ClassStudent", "03-14ClassStudent\03-14ClassStudent.csproj", "{FC3821B2-A2CF-4444-972B-075ED0BBC58C}"
EndProject
Global
	GlobalSection(SolutionConfigurationPlatforms) = preSolution
		Debug|Any CPU = Debug|Any CPU
		Release|Any CPU = Release|Any CPU
	EndGlobalSection
	GlobalSection(ProjectConfigurationPlatforms) = postSolution
		{CAFC52FF-4D08-40F2-B09C-5CF62A9B7600}.Debug|Any CPU.ActiveCfg = Debug|Any CPU
		{CAFC52FF-4D08-40F2-B09C-5CF62A9B7600}.Debug|Any CPU.Build.0 = Debug|Any CPU
		{CAFC52FF-4D08-40F2-B09C-5CF62A9B7600}.Release|Any CPU.ActiveCfg = Release|Any CPU
		{CAFC52FF-4D08-40F2-B09C-5CF62A9B7600}.Release|Any CPU.Build.0 = Release|Any CPU
		{FCA5005F-DC19-4094-8F4E-CB80EFD8C7A5}.Debug|Any CPU.ActiveCfg = Debug|Any CPU
		{FCA5005F-DC19-4094-8F4E-CB80EFD8C7A5}.Debug|Any CPU.Build.0 = Debug|Any CPU
		{FCA5005F-DC19-4094-8F4E-CB80EFD8C7A5}.Release|Any CPU.ActiveCfg = Release|Any CPU
		{FCA5005F-DC19-4094-8F4E-CB80EFD8C7A5}.Release|Any CPU.Build.0 = Release|Any CPU
		{FC3821B2-A2CF-4444-972B-075ED0BBC58C}.Debug|Any CPU.ActiveCfg = Debug|Any CPU
		{FC3821B2-A2CF-4444-972B-075ED0BBC58C}.Debug|Any CPU.Build.0 = Debug|Any CPU
		{FC3821B2-A2CF-4444-972B-075ED0BBC58C}.Release|Any CPU.ActiveCfg = Release|Any CPU
		{FC3821B2-A2CF-4444-972B-075ED0BBC58C}.Release|Any CPU.Build.0 = Release|Any CPU
	EndGlobalSection
	GlobalSection(SolutionProperties) = preSolution
		HideSolutionNode = FALSE
	EndGlobalSection
EndGlobal
