
Microsoft Visual Studio Solution File, Format Version 12.00
# Visual Studio Express 2013 for Windows Desktop
VisualStudioVersion = 12.0.30110.0
MinimumVisualStudioVersion = 10.0.40219.1
Project("{FAE04EC0-301F-11D3-BF4B-00C04F79EFBC}") = "01.NumbersFromOneToN", "01.NumbersFromOneToN\01.NumbersFromOneToN.csproj", "{F4DA01FE-8A45-4F89-B1BE-BAE1CB34E06E}"
EndProject
Project("{FAE04EC0-301F-11D3-BF4B-00C04F79EFBC}") = "02.NumbersNotDivisibleby3and 7", "02.NumbersNotDivisibleby3and 7\02.NumbersNotDivisibleby3and 7.csproj", "{D4A08544-D66A-4615-A0B7-79468548B087}"
EndProject
Project("{FAE04EC0-301F-11D3-BF4B-00C04F79EFBC}") = "03.Min_Max_Average", "03.Min_Max_Average\03.Min_Max_Average.csproj", "{7E6701DA-C88F-4ED0-B36B-986B75D90706}"
EndProject
Project("{FAE04EC0-301F-11D3-BF4B-00C04F79EFBC}") = "04.PrintDeckof52Cards", "04.PrintDeckof52Cards\04.PrintDeckof52Cards.csproj", "{EA0C665D-A058-4F8B-9B49-565B14950FFF}"
EndProject
Project("{FAE04EC0-301F-11D3-BF4B-00C04F79EFBC}") = "05.CalculateNumbersNandxX", "05.CalculateNumbersNandxX\05.CalculateNumbersNandxX.csproj", "{0C3B9E83-970C-4AF6-B34A-0A20AF814F91}"
EndProject
Project("{FAE04EC0-301F-11D3-BF4B-00C04F79EFBC}") = "06.CalculateN!K!", "06.CalculateN!K!\06.CalculateN!K!.csproj", "{B6DA4258-E8B3-4DC5-B766-93D7FCAF4D4A}"
EndProject
Project("{FAE04EC0-301F-11D3-BF4B-00C04F79EFBC}") = "07.CalculateN(K (N-K))", "07.CalculateN(K (N-K))\07.CalculateN(K (N-K)).csproj", "{42E2B691-B407-4EFF-A1A1-D76743285D6C}"
EndProject
Project("{FAE04EC0-301F-11D3-BF4B-00C04F79EFBC}") = "08.CatalanNumbers", "08.CatalanNumbers\08.CatalanNumbers.csproj", "{D68F53E8-1A69-4777-B9C5-9F8D0709C911}"
EndProject
Project("{FAE04EC0-301F-11D3-BF4B-00C04F79EFBC}") = "09.MatrixofNumbers", "09.MatrixofNumbers\09.MatrixofNumbers.csproj", "{21985C62-6741-464C-8ADB-97CEEE300C29}"
EndProject
Project("{FAE04EC0-301F-11D3-BF4B-00C04F79EFBC}") = "10.CalculateGCD", "10.CalculateGCD\10.CalculateGCD.csproj", "{82F0FB8F-4C12-482D-B240-5F40F8E8FA29}"
EndProject
Project("{FAE04EC0-301F-11D3-BF4B-00C04F79EFBC}") = "11.TrailingZeroesinN!", "11.TrailingZeroesinN!\11.TrailingZeroesinN!.csproj", "{A562EF91-9358-43B1-AC7C-A2FC0C6F3C43}"
EndProject
Project("{FAE04EC0-301F-11D3-BF4B-00C04F79EFBC}") = "12.SpiralMatrix", "12.SpiralMatrix\12.SpiralMatrix.csproj", "{51B3D437-7007-4A37-AFE2-84E076255925}"
EndProject
Global
	GlobalSection(SolutionConfigurationPlatforms) = preSolution
		Debug|Any CPU = Debug|Any CPU
		Release|Any CPU = Release|Any CPU
	EndGlobalSection
	GlobalSection(ProjectConfigurationPlatforms) = postSolution
		{F4DA01FE-8A45-4F89-B1BE-BAE1CB34E06E}.Debug|Any CPU.ActiveCfg = Debug|Any CPU
		{F4DA01FE-8A45-4F89-B1BE-BAE1CB34E06E}.Debug|Any CPU.Build.0 = Debug|Any CPU
		{F4DA01FE-8A45-4F89-B1BE-BAE1CB34E06E}.Release|Any CPU.ActiveCfg = Release|Any CPU
		{F4DA01FE-8A45-4F89-B1BE-BAE1CB34E06E}.Release|Any CPU.Build.0 = Release|Any CPU
		{D4A08544-D66A-4615-A0B7-79468548B087}.Debug|Any CPU.ActiveCfg = Debug|Any CPU
		{D4A08544-D66A-4615-A0B7-79468548B087}.Debug|Any CPU.Build.0 = Debug|Any CPU
		{D4A08544-D66A-4615-A0B7-79468548B087}.Release|Any CPU.ActiveCfg = Release|Any CPU
		{D4A08544-D66A-4615-A0B7-79468548B087}.Release|Any CPU.Build.0 = Release|Any CPU
		{7E6701DA-C88F-4ED0-B36B-986B75D90706}.Debug|Any CPU.ActiveCfg = Debug|Any CPU
		{7E6701DA-C88F-4ED0-B36B-986B75D90706}.Debug|Any CPU.Build.0 = Debug|Any CPU
		{7E6701DA-C88F-4ED0-B36B-986B75D90706}.Release|Any CPU.ActiveCfg = Release|Any CPU
		{7E6701DA-C88F-4ED0-B36B-986B75D90706}.Release|Any CPU.Build.0 = Release|Any CPU
		{EA0C665D-A058-4F8B-9B49-565B14950FFF}.Debug|Any CPU.ActiveCfg = Debug|Any CPU
		{EA0C665D-A058-4F8B-9B49-565B14950FFF}.Debug|Any CPU.Build.0 = Debug|Any CPU
		{EA0C665D-A058-4F8B-9B49-565B14950FFF}.Release|Any CPU.ActiveCfg = Release|Any CPU
		{EA0C665D-A058-4F8B-9B49-565B14950FFF}.Release|Any CPU.Build.0 = Release|Any CPU
		{0C3B9E83-970C-4AF6-B34A-0A20AF814F91}.Debug|Any CPU.ActiveCfg = Debug|Any CPU
		{0C3B9E83-970C-4AF6-B34A-0A20AF814F91}.Debug|Any CPU.Build.0 = Debug|Any CPU
		{0C3B9E83-970C-4AF6-B34A-0A20AF814F91}.Release|Any CPU.ActiveCfg = Release|Any CPU
		{0C3B9E83-970C-4AF6-B34A-0A20AF814F91}.Release|Any CPU.Build.0 = Release|Any CPU
		{B6DA4258-E8B3-4DC5-B766-93D7FCAF4D4A}.Debug|Any CPU.ActiveCfg = Debug|Any CPU
		{B6DA4258-E8B3-4DC5-B766-93D7FCAF4D4A}.Debug|Any CPU.Build.0 = Debug|Any CPU
		{B6DA4258-E8B3-4DC5-B766-93D7FCAF4D4A}.Release|Any CPU.ActiveCfg = Release|Any CPU
		{B6DA4258-E8B3-4DC5-B766-93D7FCAF4D4A}.Release|Any CPU.Build.0 = Release|Any CPU
		{42E2B691-B407-4EFF-A1A1-D76743285D6C}.Debug|Any CPU.ActiveCfg = Debug|Any CPU
		{42E2B691-B407-4EFF-A1A1-D76743285D6C}.Debug|Any CPU.Build.0 = Debug|Any CPU
		{42E2B691-B407-4EFF-A1A1-D76743285D6C}.Release|Any CPU.ActiveCfg = Release|Any CPU
		{42E2B691-B407-4EFF-A1A1-D76743285D6C}.Release|Any CPU.Build.0 = Release|Any CPU
		{D68F53E8-1A69-4777-B9C5-9F8D0709C911}.Debug|Any CPU.ActiveCfg = Debug|Any CPU
		{D68F53E8-1A69-4777-B9C5-9F8D0709C911}.Debug|Any CPU.Build.0 = Debug|Any CPU
		{D68F53E8-1A69-4777-B9C5-9F8D0709C911}.Release|Any CPU.ActiveCfg = Release|Any CPU
		{D68F53E8-1A69-4777-B9C5-9F8D0709C911}.Release|Any CPU.Build.0 = Release|Any CPU
		{21985C62-6741-464C-8ADB-97CEEE300C29}.Debug|Any CPU.ActiveCfg = Debug|Any CPU
		{21985C62-6741-464C-8ADB-97CEEE300C29}.Debug|Any CPU.Build.0 = Debug|Any CPU
		{21985C62-6741-464C-8ADB-97CEEE300C29}.Release|Any CPU.ActiveCfg = Release|Any CPU
		{21985C62-6741-464C-8ADB-97CEEE300C29}.Release|Any CPU.Build.0 = Release|Any CPU
		{82F0FB8F-4C12-482D-B240-5F40F8E8FA29}.Debug|Any CPU.ActiveCfg = Debug|Any CPU
		{82F0FB8F-4C12-482D-B240-5F40F8E8FA29}.Debug|Any CPU.Build.0 = Debug|Any CPU
		{82F0FB8F-4C12-482D-B240-5F40F8E8FA29}.Release|Any CPU.ActiveCfg = Release|Any CPU
		{82F0FB8F-4C12-482D-B240-5F40F8E8FA29}.Release|Any CPU.Build.0 = Release|Any CPU
		{A562EF91-9358-43B1-AC7C-A2FC0C6F3C43}.Debug|Any CPU.ActiveCfg = Debug|Any CPU
		{A562EF91-9358-43B1-AC7C-A2FC0C6F3C43}.Debug|Any CPU.Build.0 = Debug|Any CPU
		{A562EF91-9358-43B1-AC7C-A2FC0C6F3C43}.Release|Any CPU.ActiveCfg = Release|Any CPU
		{A562EF91-9358-43B1-AC7C-A2FC0C6F3C43}.Release|Any CPU.Build.0 = Release|Any CPU
		{51B3D437-7007-4A37-AFE2-84E076255925}.Debug|Any CPU.ActiveCfg = Debug|Any CPU
		{51B3D437-7007-4A37-AFE2-84E076255925}.Debug|Any CPU.Build.0 = Debug|Any CPU
		{51B3D437-7007-4A37-AFE2-84E076255925}.Release|Any CPU.ActiveCfg = Release|Any CPU
		{51B3D437-7007-4A37-AFE2-84E076255925}.Release|Any CPU.Build.0 = Release|Any CPU
	EndGlobalSection
	GlobalSection(SolutionProperties) = preSolution
		HideSolutionNode = FALSE
	EndGlobalSection
EndGlobal
