
Microsoft Visual Studio Solution File, Format Version 12.00
# Visual Studio Express 2013 for Windows Desktop
VisualStudioVersion = 12.0.30110.0
MinimumVisualStudioVersion = 10.0.40219.1
Project("{FAE04EC0-301F-11D3-BF4B-00C04F79EFBC}") = "01.PrintMyName", "Intro-Programming-Homework\01.PrintMyName.csproj", "{57F5B01D-5B99-486E-8421-3078A4E2703C}"
EndProject
Project("{FAE04EC0-301F-11D3-BF4B-00C04F79EFBC}") = "02.PrintNumbers", "02.PrintNumbers\02.PrintNumbers.csproj", "{745D1B21-897A-40B7-A87A-31E0CE720F81}"
EndProject
Project("{FAE04EC0-301F-11D3-BF4B-00C04F79EFBC}") = "03.PrintFirstLastName", "03.PrintFirstLastName\03.PrintFirstLastName.csproj", "{674567AE-24D9-452B-A04E-4249C2EF5B9D}"
EndProject
Project("{FAE04EC0-301F-11D3-BF4B-00C04F79EFBC}") = "04. SquareRoot", "04.• Square Root\04. SquareRoot.csproj", "{F12A84B6-48DA-4F2C-99EB-5035F766DA1A}"
EndProject
Project("{FAE04EC0-301F-11D3-BF4B-00C04F79EFBC}") = "05. PrintSequence", "05.• PrintSequence\05. PrintSequence.csproj", "{1AF8B72E-AC90-484A-9B8E-01794BE64349}"
EndProject
Project("{FAE04EC0-301F-11D3-BF4B-00C04F79EFBC}") = "06. ReformatCode", "06.• ReformatCode\06. ReformatCode.csproj", "{C7C7BA51-9059-473D-8FB4-F5DEC2944BFA}"
EndProject
Project("{FAE04EC0-301F-11D3-BF4B-00C04F79EFBC}") = "07.CurrentDateTime", "07.CurrentDateTime\07.CurrentDateTime.csproj", "{56DF09E3-92C4-497B-873F-FB1CC1D0293F}"
EndProject
Project("{FAE04EC0-301F-11D3-BF4B-00C04F79EFBC}") = "08.DateAfter10Years", "08.DateAfter10Years\08.DateAfter10Years.csproj", "{863A57D5-916B-47A3-89F7-8C0CB33FE57F}"
EndProject
Project("{FAE04EC0-301F-11D3-BF4B-00C04F79EFBC}") = "08.PrintLongSequence", "08.PrintLongSequence\08.PrintLongSequence.csproj", "{2FB0DAC4-050C-40BC-BC86-7F1F844671D8}"
EndProject
Project("{FAE04EC0-301F-11D3-BF4B-00C04F79EFBC}") = "10.PrintNumbers1to1000", "10.PrintNumbers1to1000\10.PrintNumbers1to1000.csproj", "{55858364-EB15-4471-BF6F-FD5048756247}"
EndProject
Global
	GlobalSection(SolutionConfigurationPlatforms) = preSolution
		Debug|Any CPU = Debug|Any CPU
		Release|Any CPU = Release|Any CPU
	EndGlobalSection
	GlobalSection(ProjectConfigurationPlatforms) = postSolution
		{57F5B01D-5B99-486E-8421-3078A4E2703C}.Debug|Any CPU.ActiveCfg = Debug|Any CPU
		{57F5B01D-5B99-486E-8421-3078A4E2703C}.Debug|Any CPU.Build.0 = Debug|Any CPU
		{57F5B01D-5B99-486E-8421-3078A4E2703C}.Release|Any CPU.ActiveCfg = Release|Any CPU
		{57F5B01D-5B99-486E-8421-3078A4E2703C}.Release|Any CPU.Build.0 = Release|Any CPU
		{745D1B21-897A-40B7-A87A-31E0CE720F81}.Debug|Any CPU.ActiveCfg = Debug|Any CPU
		{745D1B21-897A-40B7-A87A-31E0CE720F81}.Debug|Any CPU.Build.0 = Debug|Any CPU
		{745D1B21-897A-40B7-A87A-31E0CE720F81}.Release|Any CPU.ActiveCfg = Release|Any CPU
		{745D1B21-897A-40B7-A87A-31E0CE720F81}.Release|Any CPU.Build.0 = Release|Any CPU
		{674567AE-24D9-452B-A04E-4249C2EF5B9D}.Debug|Any CPU.ActiveCfg = Debug|Any CPU
		{674567AE-24D9-452B-A04E-4249C2EF5B9D}.Debug|Any CPU.Build.0 = Debug|Any CPU
		{674567AE-24D9-452B-A04E-4249C2EF5B9D}.Release|Any CPU.ActiveCfg = Release|Any CPU
		{674567AE-24D9-452B-A04E-4249C2EF5B9D}.Release|Any CPU.Build.0 = Release|Any CPU
		{F12A84B6-48DA-4F2C-99EB-5035F766DA1A}.Debug|Any CPU.ActiveCfg = Debug|Any CPU
		{F12A84B6-48DA-4F2C-99EB-5035F766DA1A}.Debug|Any CPU.Build.0 = Debug|Any CPU
		{F12A84B6-48DA-4F2C-99EB-5035F766DA1A}.Release|Any CPU.ActiveCfg = Release|Any CPU
		{F12A84B6-48DA-4F2C-99EB-5035F766DA1A}.Release|Any CPU.Build.0 = Release|Any CPU
		{1AF8B72E-AC90-484A-9B8E-01794BE64349}.Debug|Any CPU.ActiveCfg = Debug|Any CPU
		{1AF8B72E-AC90-484A-9B8E-01794BE64349}.Debug|Any CPU.Build.0 = Debug|Any CPU
		{1AF8B72E-AC90-484A-9B8E-01794BE64349}.Release|Any CPU.ActiveCfg = Release|Any CPU
		{1AF8B72E-AC90-484A-9B8E-01794BE64349}.Release|Any CPU.Build.0 = Release|Any CPU
		{C7C7BA51-9059-473D-8FB4-F5DEC2944BFA}.Debug|Any CPU.ActiveCfg = Debug|Any CPU
		{C7C7BA51-9059-473D-8FB4-F5DEC2944BFA}.Debug|Any CPU.Build.0 = Debug|Any CPU
		{C7C7BA51-9059-473D-8FB4-F5DEC2944BFA}.Release|Any CPU.ActiveCfg = Release|Any CPU
		{C7C7BA51-9059-473D-8FB4-F5DEC2944BFA}.Release|Any CPU.Build.0 = Release|Any CPU
		{56DF09E3-92C4-497B-873F-FB1CC1D0293F}.Debug|Any CPU.ActiveCfg = Debug|Any CPU
		{56DF09E3-92C4-497B-873F-FB1CC1D0293F}.Debug|Any CPU.Build.0 = Debug|Any CPU
		{56DF09E3-92C4-497B-873F-FB1CC1D0293F}.Release|Any CPU.ActiveCfg = Release|Any CPU
		{56DF09E3-92C4-497B-873F-FB1CC1D0293F}.Release|Any CPU.Build.0 = Release|Any CPU
		{863A57D5-916B-47A3-89F7-8C0CB33FE57F}.Debug|Any CPU.ActiveCfg = Debug|Any CPU
		{863A57D5-916B-47A3-89F7-8C0CB33FE57F}.Debug|Any CPU.Build.0 = Debug|Any CPU
		{863A57D5-916B-47A3-89F7-8C0CB33FE57F}.Release|Any CPU.ActiveCfg = Release|Any CPU
		{863A57D5-916B-47A3-89F7-8C0CB33FE57F}.Release|Any CPU.Build.0 = Release|Any CPU
		{2FB0DAC4-050C-40BC-BC86-7F1F844671D8}.Debug|Any CPU.ActiveCfg = Debug|Any CPU
		{2FB0DAC4-050C-40BC-BC86-7F1F844671D8}.Debug|Any CPU.Build.0 = Debug|Any CPU
		{2FB0DAC4-050C-40BC-BC86-7F1F844671D8}.Release|Any CPU.ActiveCfg = Release|Any CPU
		{2FB0DAC4-050C-40BC-BC86-7F1F844671D8}.Release|Any CPU.Build.0 = Release|Any CPU
		{55858364-EB15-4471-BF6F-FD5048756247}.Debug|Any CPU.ActiveCfg = Debug|Any CPU
		{55858364-EB15-4471-BF6F-FD5048756247}.Debug|Any CPU.Build.0 = Debug|Any CPU
		{55858364-EB15-4471-BF6F-FD5048756247}.Release|Any CPU.ActiveCfg = Release|Any CPU
		{55858364-EB15-4471-BF6F-FD5048756247}.Release|Any CPU.Build.0 = Release|Any CPU
	EndGlobalSection
	GlobalSection(SolutionProperties) = preSolution
		HideSolutionNode = FALSE
	EndGlobalSection
EndGlobal
