
Microsoft Visual Studio Solution File, Format Version 12.00
# Visual Studio 2013
VisualStudioVersion = 12.0.30723.0
MinimumVisualStudioVersion = 10.0.40219.1
Project("{FAE04EC0-301F-11D3-BF4B-00C04F79EFBC}") = "01.Persons", "01.Persons\01.Persons.csproj", "{7F7A68A6-9948-4172-AEC6-721440A720A3}"
EndProject
Project("{FAE04EC0-301F-11D3-BF4B-00C04F79EFBC}") = "02.LaptopShop", "02.LaptopShop\02.LaptopShop.csproj", "{9587DFAE-E827-4BFB-B007-2AA5D23CFFE4}"
EndProject
Project("{FAE04EC0-301F-11D3-BF4B-00C04F79EFBC}") = "03.PC_Catalog", "03.PC_Catalog\03.PC_Catalog.csproj", "{2462EA37-CBFA-4BA3-9BFF-FEA2D8AEA288}"
EndProject
Project("{FAE04EC0-301F-11D3-BF4B-00C04F79EFBC}") = "04.SoftwareUniversityLearningSystem", "04.SoftwareUniversityLearningSystem\04.SoftwareUniversityLearningSystem.csproj", "{B6A872D6-1CB5-4E2F-8B3F-3DBFD1A9E3B7}"
EndProject
Global
	GlobalSection(SolutionConfigurationPlatforms) = preSolution
		Debug|Any CPU = Debug|Any CPU
		Release|Any CPU = Release|Any CPU
	EndGlobalSection
	GlobalSection(ProjectConfigurationPlatforms) = postSolution
		{7F7A68A6-9948-4172-AEC6-721440A720A3}.Debug|Any CPU.ActiveCfg = Debug|Any CPU
		{7F7A68A6-9948-4172-AEC6-721440A720A3}.Debug|Any CPU.Build.0 = Debug|Any CPU
		{7F7A68A6-9948-4172-AEC6-721440A720A3}.Release|Any CPU.ActiveCfg = Release|Any CPU
		{7F7A68A6-9948-4172-AEC6-721440A720A3}.Release|Any CPU.Build.0 = Release|Any CPU
		{9587DFAE-E827-4BFB-B007-2AA5D23CFFE4}.Debug|Any CPU.ActiveCfg = Debug|Any CPU
		{9587DFAE-E827-4BFB-B007-2AA5D23CFFE4}.Debug|Any CPU.Build.0 = Debug|Any CPU
		{9587DFAE-E827-4BFB-B007-2AA5D23CFFE4}.Release|Any CPU.ActiveCfg = Release|Any CPU
		{9587DFAE-E827-4BFB-B007-2AA5D23CFFE4}.Release|Any CPU.Build.0 = Release|Any CPU
		{2462EA37-CBFA-4BA3-9BFF-FEA2D8AEA288}.Debug|Any CPU.ActiveCfg = Debug|Any CPU
		{2462EA37-CBFA-4BA3-9BFF-FEA2D8AEA288}.Debug|Any CPU.Build.0 = Debug|Any CPU
		{2462EA37-CBFA-4BA3-9BFF-FEA2D8AEA288}.Release|Any CPU.ActiveCfg = Release|Any CPU
		{2462EA37-CBFA-4BA3-9BFF-FEA2D8AEA288}.Release|Any CPU.Build.0 = Release|Any CPU
		{B6A872D6-1CB5-4E2F-8B3F-3DBFD1A9E3B7}.Debug|Any CPU.ActiveCfg = Debug|Any CPU
		{B6A872D6-1CB5-4E2F-8B3F-3DBFD1A9E3B7}.Debug|Any CPU.Build.0 = Debug|Any CPU
		{B6A872D6-1CB5-4E2F-8B3F-3DBFD1A9E3B7}.Release|Any CPU.ActiveCfg = Release|Any CPU
		{B6A872D6-1CB5-4E2F-8B3F-3DBFD1A9E3B7}.Release|Any CPU.Build.0 = Release|Any CPU
	EndGlobalSection
	GlobalSection(SolutionProperties) = preSolution
		HideSolutionNode = FALSE
	EndGlobalSection
EndGlobal
