
Microsoft Visual Studio Solution File, Format Version 12.00
# Visual Studio 2013
VisualStudioVersion = 12.0.30723.0
MinimumVisualStudioVersion = 10.0.40219.1
Project("{FAE04EC0-301F-11D3-BF4B-00C04F79EFBC}") = "01.InterestCalculator", "01.InterestCalculator\01.InterestCalculator.csproj", "{00853A9A-16C3-425F-BDED-20B64508D960}"
EndProject
Project("{FAE04EC0-301F-11D3-BF4B-00C04F79EFBC}") = "01. InterestCalculatorFunc", "01. InterestCalculatorFunc\01. InterestCalculatorFunc.csproj", "{5360460C-8E27-45C9-8EC4-9627BCA08688}"
EndProject
Project("{FAE04EC0-301F-11D3-BF4B-00C04F79EFBC}") = "StudentClass", "03.StudentClass\StudentClass.csproj", "{3CD256C8-B5D5-47B1-9F22-A95AFE4349B8}"
EndProject
Project("{FAE04EC0-301F-11D3-BF4B-00C04F79EFBC}") = "AsynchronousTimer", "02.AsynchronousTimer\AsynchronousTimer.csproj", "{341797CA-DA11-4A16-8AD7-F9C5B665C4F7}"
EndProject
Project("{FAE04EC0-301F-11D3-BF4B-00C04F79EFBC}") = "InterestCalculator", "InterestCalculator\InterestCalculator.csproj", "{2F9448AF-CA4B-4C0B-A6A1-5D3C649C85E1}"
EndProject
Global
	GlobalSection(SolutionConfigurationPlatforms) = preSolution
		Debug|Any CPU = Debug|Any CPU
		Release|Any CPU = Release|Any CPU
	EndGlobalSection
	GlobalSection(ProjectConfigurationPlatforms) = postSolution
		{00853A9A-16C3-425F-BDED-20B64508D960}.Debug|Any CPU.ActiveCfg = Debug|Any CPU
		{00853A9A-16C3-425F-BDED-20B64508D960}.Debug|Any CPU.Build.0 = Debug|Any CPU
		{00853A9A-16C3-425F-BDED-20B64508D960}.Release|Any CPU.ActiveCfg = Release|Any CPU
		{00853A9A-16C3-425F-BDED-20B64508D960}.Release|Any CPU.Build.0 = Release|Any CPU
		{5360460C-8E27-45C9-8EC4-9627BCA08688}.Debug|Any CPU.ActiveCfg = Debug|Any CPU
		{5360460C-8E27-45C9-8EC4-9627BCA08688}.Debug|Any CPU.Build.0 = Debug|Any CPU
		{5360460C-8E27-45C9-8EC4-9627BCA08688}.Release|Any CPU.ActiveCfg = Release|Any CPU
		{5360460C-8E27-45C9-8EC4-9627BCA08688}.Release|Any CPU.Build.0 = Release|Any CPU
		{3CD256C8-B5D5-47B1-9F22-A95AFE4349B8}.Debug|Any CPU.ActiveCfg = Debug|Any CPU
		{3CD256C8-B5D5-47B1-9F22-A95AFE4349B8}.Debug|Any CPU.Build.0 = Debug|Any CPU
		{3CD256C8-B5D5-47B1-9F22-A95AFE4349B8}.Release|Any CPU.ActiveCfg = Release|Any CPU
		{3CD256C8-B5D5-47B1-9F22-A95AFE4349B8}.Release|Any CPU.Build.0 = Release|Any CPU
		{341797CA-DA11-4A16-8AD7-F9C5B665C4F7}.Debug|Any CPU.ActiveCfg = Debug|Any CPU
		{341797CA-DA11-4A16-8AD7-F9C5B665C4F7}.Debug|Any CPU.Build.0 = Debug|Any CPU
		{341797CA-DA11-4A16-8AD7-F9C5B665C4F7}.Release|Any CPU.ActiveCfg = Release|Any CPU
		{341797CA-DA11-4A16-8AD7-F9C5B665C4F7}.Release|Any CPU.Build.0 = Release|Any CPU
		{2F9448AF-CA4B-4C0B-A6A1-5D3C649C85E1}.Debug|Any CPU.ActiveCfg = Debug|Any CPU
		{2F9448AF-CA4B-4C0B-A6A1-5D3C649C85E1}.Debug|Any CPU.Build.0 = Debug|Any CPU
		{2F9448AF-CA4B-4C0B-A6A1-5D3C649C85E1}.Release|Any CPU.ActiveCfg = Release|Any CPU
		{2F9448AF-CA4B-4C0B-A6A1-5D3C649C85E1}.Release|Any CPU.Build.0 = Release|Any CPU
	EndGlobalSection
	GlobalSection(SolutionProperties) = preSolution
		HideSolutionNode = FALSE
	EndGlobalSection
EndGlobal
