
Microsoft Visual Studio Solution File, Format Version 12.00
# Visual Studio Express 2013 for Windows Desktop
VisualStudioVersion = 12.0.30110.0
MinimumVisualStudioVersion = 10.0.40219.1
Project("{FAE04EC0-301F-11D3-BF4B-00C04F79EFBC}") = "01.OddOrEvenIntegers", "01.OddOrEvenIntegers\01.OddOrEvenIntegers.csproj", "{547BC24F-AB98-4450-A583-D4BA0A8D195F}"
EndProject
Project("{FAE04EC0-301F-11D3-BF4B-00C04F79EFBC}") = "02.GravitationOnTheMoon", "02.GravitationOnTheMoon\02.GravitationOnTheMoon.csproj", "{B4CE06A8-BA0B-4F62-8BF5-BE653F0548B9}"
EndProject
Project("{FAE04EC0-301F-11D3-BF4B-00C04F79EFBC}") = "03.DivideBy7and5", "03.DivideBy7and5\03.DivideBy7and5.csproj", "{4D13DDD2-CE8B-4B58-9D8C-A6F9636A970A}"
EndProject
Project("{FAE04EC0-301F-11D3-BF4B-00C04F79EFBC}") = "04.Rectangles", "04.Rectangles\04.Rectangles.csproj", "{7CD7D356-B6FE-4D98-97C2-84255582E2D5}"
EndProject
Project("{FAE04EC0-301F-11D3-BF4B-00C04F79EFBC}") = "05.ThirdDigitIs7", "05.ThirdDigitIs7\05.ThirdDigitIs7.csproj", "{E4147E56-83BC-43A5-9681-76AF820CFDD2}"
EndProject
Project("{FAE04EC0-301F-11D3-BF4B-00C04F79EFBC}") = "06.Four-DigitNumber", "06.Four-DigitNumber\06.Four-DigitNumber.csproj", "{B53BBD36-C893-47D7-871B-F1A1D05B78CE}"
EndProject
Project("{FAE04EC0-301F-11D3-BF4B-00C04F79EFBC}") = "07.PointInCircle", "07.PointInCircle\07.PointInCircle.csproj", "{6132BDE9-66F8-4F42-A8A1-388FB62ECB31}"
EndProject
Project("{FAE04EC0-301F-11D3-BF4B-00C04F79EFBC}") = "08.PrimeNumberCheck", "08.PrimeNumberCheck\08.PrimeNumberCheck.csproj", "{9D506796-7346-4915-93B5-8B44BD97718A}"
EndProject
Project("{FAE04EC0-301F-11D3-BF4B-00C04F79EFBC}") = "09.Trapezoids", "09.Trapezoids\09.Trapezoids.csproj", "{8AF9C7F6-2139-424A-BFE3-944324061255}"
EndProject
Project("{FAE04EC0-301F-11D3-BF4B-00C04F79EFBC}") = "10.PointInsideCircleOutsideRectangle", "10.PointInsideCircleOutsideRectangle\10.PointInsideCircleOutsideRectangle.csproj", "{CB7D9681-BCF9-4490-9A8B-29A0D7B87A08}"
EndProject
Project("{FAE04EC0-301F-11D3-BF4B-00C04F79EFBC}") = "11.BitwiseExtractBit3", "11.BitwiseExtractBit3\11.BitwiseExtractBit3.csproj", "{C8ECE654-FF90-4CE3-93CA-FFCFA1E95F0A}"
EndProject
Project("{FAE04EC0-301F-11D3-BF4B-00C04F79EFBC}") = "12.ExtractBitfromInteger", "12.ExtractBitfromInteger\12.ExtractBitfromInteger.csproj", "{DE81D44A-A7A9-4FC9-AA16-15D4BE7CA4A5}"
EndProject
Project("{FAE04EC0-301F-11D3-BF4B-00C04F79EFBC}") = "13.CheckBitGivenPosition", "13.CheckBitGivenPosition\13.CheckBitGivenPosition.csproj", "{52B54AD8-B5AD-4BB9-9CBD-597C0C265969}"
EndProject
Project("{FAE04EC0-301F-11D3-BF4B-00C04F79EFBC}") = "14.ModifyBitGivenPosition", "14.ModifyBitGivenPosition\14.ModifyBitGivenPosition.csproj", "{F9DAD67D-9BB5-4CB3-96D6-845BE43DD81D}"
EndProject
Project("{FAE04EC0-301F-11D3-BF4B-00C04F79EFBC}") = "15.BitsExchange", "15.BitsExchange\15.BitsExchange.csproj", "{679BA846-FE38-4B50-BBD1-369B39A61314}"
EndProject
Global
	GlobalSection(SolutionConfigurationPlatforms) = preSolution
		Debug|Any CPU = Debug|Any CPU
		Release|Any CPU = Release|Any CPU
	EndGlobalSection
	GlobalSection(ProjectConfigurationPlatforms) = postSolution
		{547BC24F-AB98-4450-A583-D4BA0A8D195F}.Debug|Any CPU.ActiveCfg = Debug|Any CPU
		{547BC24F-AB98-4450-A583-D4BA0A8D195F}.Debug|Any CPU.Build.0 = Debug|Any CPU
		{547BC24F-AB98-4450-A583-D4BA0A8D195F}.Release|Any CPU.ActiveCfg = Release|Any CPU
		{547BC24F-AB98-4450-A583-D4BA0A8D195F}.Release|Any CPU.Build.0 = Release|Any CPU
		{B4CE06A8-BA0B-4F62-8BF5-BE653F0548B9}.Debug|Any CPU.ActiveCfg = Debug|Any CPU
		{B4CE06A8-BA0B-4F62-8BF5-BE653F0548B9}.Debug|Any CPU.Build.0 = Debug|Any CPU
		{B4CE06A8-BA0B-4F62-8BF5-BE653F0548B9}.Release|Any CPU.ActiveCfg = Release|Any CPU
		{B4CE06A8-BA0B-4F62-8BF5-BE653F0548B9}.Release|Any CPU.Build.0 = Release|Any CPU
		{4D13DDD2-CE8B-4B58-9D8C-A6F9636A970A}.Debug|Any CPU.ActiveCfg = Debug|Any CPU
		{4D13DDD2-CE8B-4B58-9D8C-A6F9636A970A}.Debug|Any CPU.Build.0 = Debug|Any CPU
		{4D13DDD2-CE8B-4B58-9D8C-A6F9636A970A}.Release|Any CPU.ActiveCfg = Release|Any CPU
		{4D13DDD2-CE8B-4B58-9D8C-A6F9636A970A}.Release|Any CPU.Build.0 = Release|Any CPU
		{7CD7D356-B6FE-4D98-97C2-84255582E2D5}.Debug|Any CPU.ActiveCfg = Debug|Any CPU
		{7CD7D356-B6FE-4D98-97C2-84255582E2D5}.Debug|Any CPU.Build.0 = Debug|Any CPU
		{7CD7D356-B6FE-4D98-97C2-84255582E2D5}.Release|Any CPU.ActiveCfg = Release|Any CPU
		{7CD7D356-B6FE-4D98-97C2-84255582E2D5}.Release|Any CPU.Build.0 = Release|Any CPU
		{E4147E56-83BC-43A5-9681-76AF820CFDD2}.Debug|Any CPU.ActiveCfg = Debug|Any CPU
		{E4147E56-83BC-43A5-9681-76AF820CFDD2}.Debug|Any CPU.Build.0 = Debug|Any CPU
		{E4147E56-83BC-43A5-9681-76AF820CFDD2}.Release|Any CPU.ActiveCfg = Release|Any CPU
		{E4147E56-83BC-43A5-9681-76AF820CFDD2}.Release|Any CPU.Build.0 = Release|Any CPU
		{B53BBD36-C893-47D7-871B-F1A1D05B78CE}.Debug|Any CPU.ActiveCfg = Debug|Any CPU
		{B53BBD36-C893-47D7-871B-F1A1D05B78CE}.Debug|Any CPU.Build.0 = Debug|Any CPU
		{B53BBD36-C893-47D7-871B-F1A1D05B78CE}.Release|Any CPU.ActiveCfg = Release|Any CPU
		{B53BBD36-C893-47D7-871B-F1A1D05B78CE}.Release|Any CPU.Build.0 = Release|Any CPU
		{6132BDE9-66F8-4F42-A8A1-388FB62ECB31}.Debug|Any CPU.ActiveCfg = Debug|Any CPU
		{6132BDE9-66F8-4F42-A8A1-388FB62ECB31}.Debug|Any CPU.Build.0 = Debug|Any CPU
		{6132BDE9-66F8-4F42-A8A1-388FB62ECB31}.Release|Any CPU.ActiveCfg = Release|Any CPU
		{6132BDE9-66F8-4F42-A8A1-388FB62ECB31}.Release|Any CPU.Build.0 = Release|Any CPU
		{9D506796-7346-4915-93B5-8B44BD97718A}.Debug|Any CPU.ActiveCfg = Debug|Any CPU
		{9D506796-7346-4915-93B5-8B44BD97718A}.Debug|Any CPU.Build.0 = Debug|Any CPU
		{9D506796-7346-4915-93B5-8B44BD97718A}.Release|Any CPU.ActiveCfg = Release|Any CPU
		{9D506796-7346-4915-93B5-8B44BD97718A}.Release|Any CPU.Build.0 = Release|Any CPU
		{8AF9C7F6-2139-424A-BFE3-944324061255}.Debug|Any CPU.ActiveCfg = Debug|Any CPU
		{8AF9C7F6-2139-424A-BFE3-944324061255}.Debug|Any CPU.Build.0 = Debug|Any CPU
		{8AF9C7F6-2139-424A-BFE3-944324061255}.Release|Any CPU.ActiveCfg = Release|Any CPU
		{8AF9C7F6-2139-424A-BFE3-944324061255}.Release|Any CPU.Build.0 = Release|Any CPU
		{CB7D9681-BCF9-4490-9A8B-29A0D7B87A08}.Debug|Any CPU.ActiveCfg = Debug|Any CPU
		{CB7D9681-BCF9-4490-9A8B-29A0D7B87A08}.Debug|Any CPU.Build.0 = Debug|Any CPU
		{CB7D9681-BCF9-4490-9A8B-29A0D7B87A08}.Release|Any CPU.ActiveCfg = Release|Any CPU
		{CB7D9681-BCF9-4490-9A8B-29A0D7B87A08}.Release|Any CPU.Build.0 = Release|Any CPU
		{C8ECE654-FF90-4CE3-93CA-FFCFA1E95F0A}.Debug|Any CPU.ActiveCfg = Debug|Any CPU
		{C8ECE654-FF90-4CE3-93CA-FFCFA1E95F0A}.Debug|Any CPU.Build.0 = Debug|Any CPU
		{C8ECE654-FF90-4CE3-93CA-FFCFA1E95F0A}.Release|Any CPU.ActiveCfg = Release|Any CPU
		{C8ECE654-FF90-4CE3-93CA-FFCFA1E95F0A}.Release|Any CPU.Build.0 = Release|Any CPU
		{DE81D44A-A7A9-4FC9-AA16-15D4BE7CA4A5}.Debug|Any CPU.ActiveCfg = Debug|Any CPU
		{DE81D44A-A7A9-4FC9-AA16-15D4BE7CA4A5}.Debug|Any CPU.Build.0 = Debug|Any CPU
		{DE81D44A-A7A9-4FC9-AA16-15D4BE7CA4A5}.Release|Any CPU.ActiveCfg = Release|Any CPU
		{DE81D44A-A7A9-4FC9-AA16-15D4BE7CA4A5}.Release|Any CPU.Build.0 = Release|Any CPU
		{52B54AD8-B5AD-4BB9-9CBD-597C0C265969}.Debug|Any CPU.ActiveCfg = Debug|Any CPU
		{52B54AD8-B5AD-4BB9-9CBD-597C0C265969}.Debug|Any CPU.Build.0 = Debug|Any CPU
		{52B54AD8-B5AD-4BB9-9CBD-597C0C265969}.Release|Any CPU.ActiveCfg = Release|Any CPU
		{52B54AD8-B5AD-4BB9-9CBD-597C0C265969}.Release|Any CPU.Build.0 = Release|Any CPU
		{F9DAD67D-9BB5-4CB3-96D6-845BE43DD81D}.Debug|Any CPU.ActiveCfg = Debug|Any CPU
		{F9DAD67D-9BB5-4CB3-96D6-845BE43DD81D}.Debug|Any CPU.Build.0 = Debug|Any CPU
		{F9DAD67D-9BB5-4CB3-96D6-845BE43DD81D}.Release|Any CPU.ActiveCfg = Release|Any CPU
		{F9DAD67D-9BB5-4CB3-96D6-845BE43DD81D}.Release|Any CPU.Build.0 = Release|Any CPU
		{679BA846-FE38-4B50-BBD1-369B39A61314}.Debug|Any CPU.ActiveCfg = Debug|Any CPU
		{679BA846-FE38-4B50-BBD1-369B39A61314}.Debug|Any CPU.Build.0 = Debug|Any CPU
		{679BA846-FE38-4B50-BBD1-369B39A61314}.Release|Any CPU.ActiveCfg = Release|Any CPU
		{679BA846-FE38-4B50-BBD1-369B39A61314}.Release|Any CPU.Build.0 = Release|Any CPU
	EndGlobalSection
	GlobalSection(SolutionProperties) = preSolution
		HideSolutionNode = FALSE
	EndGlobalSection
EndGlobal
