
Microsoft Visual Studio Solution File, Format Version 12.00
# Visual Studio 2013
VisualStudioVersion = 12.0.30723.0
MinimumVisualStudioVersion = 10.0.40219.1
Project("{9092AA53-FB77-4645-B42D-1CCCA6BD08BD}") = "Estates", "Estates\Estates.njsproj", "{1D0ED139-8180-4C21-803A-81A8F6BE0515}"
EndProject
Project("{9092AA53-FB77-4645-B42D-1CCCA6BD08BD}") = "Restaurant Manager", "Restaurant Manager\Restaurant Manager.njsproj", "{B964A637-4F00-466B-8839-F6FE5772D5B5}"
EndProject
Project("{9092AA53-FB77-4645-B42D-1CCCA6BD08BD}") = "Training-Center", "Training-Center\Training-Center.njsproj", "{E7AF96DE-B541-4EC8-81F2-B27CB771EF67}"
EndProject
Project("{9092AA53-FB77-4645-B42D-1CCCA6BD08BD}") = "Travel Agency_Travel Agency", "Travel Agency_Travel Agency\Travel Agency_Travel Agency.njsproj", "{6434B501-40D3-4E61-8E58-A493E6E91700}"
EndProject
Global
	GlobalSection(SolutionConfigurationPlatforms) = preSolution
		Debug|Any CPU = Debug|Any CPU
		Release|Any CPU = Release|Any CPU
	EndGlobalSection
	GlobalSection(ProjectConfigurationPlatforms) = postSolution
		{1D0ED139-8180-4C21-803A-81A8F6BE0515}.Debug|Any CPU.ActiveCfg = Debug|Any CPU
		{1D0ED139-8180-4C21-803A-81A8F6BE0515}.Debug|Any CPU.Build.0 = Debug|Any CPU
		{1D0ED139-8180-4C21-803A-81A8F6BE0515}.Release|Any CPU.ActiveCfg = Release|Any CPU
		{1D0ED139-8180-4C21-803A-81A8F6BE0515}.Release|Any CPU.Build.0 = Release|Any CPU
		{B964A637-4F00-466B-8839-F6FE5772D5B5}.Debug|Any CPU.ActiveCfg = Debug|Any CPU
		{B964A637-4F00-466B-8839-F6FE5772D5B5}.Debug|Any CPU.Build.0 = Debug|Any CPU
		{B964A637-4F00-466B-8839-F6FE5772D5B5}.Release|Any CPU.ActiveCfg = Release|Any CPU
		{B964A637-4F00-466B-8839-F6FE5772D5B5}.Release|Any CPU.Build.0 = Release|Any CPU
		{E7AF96DE-B541-4EC8-81F2-B27CB771EF67}.Debug|Any CPU.ActiveCfg = Debug|Any CPU
		{E7AF96DE-B541-4EC8-81F2-B27CB771EF67}.Debug|Any CPU.Build.0 = Debug|Any CPU
		{E7AF96DE-B541-4EC8-81F2-B27CB771EF67}.Release|Any CPU.ActiveCfg = Release|Any CPU
		{E7AF96DE-B541-4EC8-81F2-B27CB771EF67}.Release|Any CPU.Build.0 = Release|Any CPU
		{6434B501-40D3-4E61-8E58-A493E6E91700}.Debug|Any CPU.ActiveCfg = Debug|Any CPU
		{6434B501-40D3-4E61-8E58-A493E6E91700}.Debug|Any CPU.Build.0 = Debug|Any CPU
		{6434B501-40D3-4E61-8E58-A493E6E91700}.Release|Any CPU.ActiveCfg = Release|Any CPU
		{6434B501-40D3-4E61-8E58-A493E6E91700}.Release|Any CPU.Build.0 = Release|Any CPU
	EndGlobalSection
	GlobalSection(SolutionProperties) = preSolution
		HideSolutionNode = FALSE
	EndGlobalSection
EndGlobal
