
Microsoft Visual Studio Solution File, Format Version 12.00
# Visual Studio 2013
VisualStudioVersion = 12.0.31101.0
MinimumVisualStudioVersion = 10.0.40219.1
Project("{FAE04EC0-301F-11D3-BF4B-00C04F79EFBC}") = "BlogSystem.WebServices", "BlogSystem.WebServices\BlogSystem.WebServices.csproj", "{F1B881AE-4282-4CCD-A90D-0804A5C610AE}"
EndProject
Project("{FAE04EC0-301F-11D3-BF4B-00C04F79EFBC}") = "BlogSystem.Models", "BlogSystem.Models\BlogSystem.Models.csproj", "{06957B14-C936-4341-98E2-D36859009323}"
EndProject
Project("{FAE04EC0-301F-11D3-BF4B-00C04F79EFBC}") = "BlogSystem.Data", "BlogSystem.Data\BlogSystem.Data.csproj", "{EAAF4EE3-8F1D-44FF-8338-46800093A887}"
EndProject
Global
	GlobalSection(SolutionConfigurationPlatforms) = preSolution
		Debug|Any CPU = Debug|Any CPU
		Release|Any CPU = Release|Any CPU
	EndGlobalSection
	GlobalSection(ProjectConfigurationPlatforms) = postSolution
		{F1B881AE-4282-4CCD-A90D-0804A5C610AE}.Debug|Any CPU.ActiveCfg = Debug|Any CPU
		{F1B881AE-4282-4CCD-A90D-0804A5C610AE}.Debug|Any CPU.Build.0 = Debug|Any CPU
		{F1B881AE-4282-4CCD-A90D-0804A5C610AE}.Release|Any CPU.ActiveCfg = Release|Any CPU
		{F1B881AE-4282-4CCD-A90D-0804A5C610AE}.Release|Any CPU.Build.0 = Release|Any CPU
		{06957B14-C936-4341-98E2-D36859009323}.Debug|Any CPU.ActiveCfg = Debug|Any CPU
		{06957B14-C936-4341-98E2-D36859009323}.Debug|Any CPU.Build.0 = Debug|Any CPU
		{06957B14-C936-4341-98E2-D36859009323}.Release|Any CPU.ActiveCfg = Release|Any CPU
		{06957B14-C936-4341-98E2-D36859009323}.Release|Any CPU.Build.0 = Release|Any CPU
		{EAAF4EE3-8F1D-44FF-8338-46800093A887}.Debug|Any CPU.ActiveCfg = Debug|Any CPU
		{EAAF4EE3-8F1D-44FF-8338-46800093A887}.Debug|Any CPU.Build.0 = Debug|Any CPU
		{EAAF4EE3-8F1D-44FF-8338-46800093A887}.Release|Any CPU.ActiveCfg = Release|Any CPU
		{EAAF4EE3-8F1D-44FF-8338-46800093A887}.Release|Any CPU.Build.0 = Release|Any CPU
	EndGlobalSection
	GlobalSection(SolutionProperties) = preSolution
		HideSolutionNode = FALSE
	EndGlobalSection
EndGlobal
