
Microsoft Visual Studio Solution File, Format Version 12.00
# Visual Studio Express 2013 for Windows Desktop
VisualStudioVersion = 12.0.30110.0
MinimumVisualStudioVersion = 10.0.40219.1
Project("{FAE04EC0-301F-11D3-BF4B-00C04F79EFBC}") = "01.SumOf3Integers", "01.SumOf3Integers\01.SumOf3Integers.csproj", "{C44B3EFD-3A07-4B7B-BA3A-5DBB47C54BA2}"
EndProject
Project("{FAE04EC0-301F-11D3-BF4B-00C04F79EFBC}") = "02. Print Company Information", "02. Print Company Information\02. Print Company Information.csproj", "{DF249F70-54B9-4659-83B9-358640C0F9B6}"
EndProject
Project("{FAE04EC0-301F-11D3-BF4B-00C04F79EFBC}") = "03.Circle Perimeter and Area", "03.Circle Perimeter and Area\03.Circle Perimeter and Area.csproj", "{0B4DBE40-9B85-4147-BD1D-E028B822787A}"
EndProject
Project("{FAE04EC0-301F-11D3-BF4B-00C04F79EFBC}") = "04.Number Comparer", "04.Number Comparer\04.Number Comparer.csproj", "{D63873E2-1141-47CD-AE0C-D43BF1698324}"
EndProject
Project("{FAE04EC0-301F-11D3-BF4B-00C04F79EFBC}") = "05. Formatting Numbers", "05. Formatting Numbers\05. Formatting Numbers.csproj", "{B758DABD-CEF8-4006-8F52-E75EB9107DEC}"
EndProject
Project("{FAE04EC0-301F-11D3-BF4B-00C04F79EFBC}") = "06.Quadratic Equation", "06.Quadratic Equation\06.Quadratic Equation.csproj", "{DC991EB9-B3C4-4928-8D11-5A9C4A27A482}"
EndProject
Project("{FAE04EC0-301F-11D3-BF4B-00C04F79EFBC}") = "07.Sum of 5 Numbers", "07.Sum of 5 Numbers\07.Sum of 5 Numbers.csproj", "{0B5E3CA9-4435-4977-AD0B-FC48B684FE1F}"
EndProject
Project("{FAE04EC0-301F-11D3-BF4B-00C04F79EFBC}") = "08. Numbers from 1 to n", "08. Numbers from 1 to n\08. Numbers from 1 to n.csproj", "{94E24A33-B886-4897-B4A7-A20D6960E7D9}"
EndProject
Project("{FAE04EC0-301F-11D3-BF4B-00C04F79EFBC}") = "09. Sum of n Numbers", "09. Sum of n Numbers\09. Sum of n Numbers.csproj", "{76082EF8-FDCD-475D-B7C2-137D95E2FF6C}"
EndProject
Project("{FAE04EC0-301F-11D3-BF4B-00C04F79EFBC}") = "10. Fibonacci Numbers", "10. Fibonacci Numbers\10. Fibonacci Numbers.csproj", "{89D75B30-737D-4C35-BA16-55B7142EAFD6}"
EndProject
Project("{FAE04EC0-301F-11D3-BF4B-00C04F79EFBC}") = "11.NumbersDividablebyGiven Number", "11.NumbersDividablebyGiven Number\11.NumbersDividablebyGiven Number.csproj", "{CBB8FC72-DC63-4DA0-9ED8-3182817EE9E1}"
EndProject
Global
	GlobalSection(SolutionConfigurationPlatforms) = preSolution
		Debug|Any CPU = Debug|Any CPU
		Release|Any CPU = Release|Any CPU
	EndGlobalSection
	GlobalSection(ProjectConfigurationPlatforms) = postSolution
		{C44B3EFD-3A07-4B7B-BA3A-5DBB47C54BA2}.Debug|Any CPU.ActiveCfg = Debug|Any CPU
		{C44B3EFD-3A07-4B7B-BA3A-5DBB47C54BA2}.Debug|Any CPU.Build.0 = Debug|Any CPU
		{C44B3EFD-3A07-4B7B-BA3A-5DBB47C54BA2}.Release|Any CPU.ActiveCfg = Release|Any CPU
		{C44B3EFD-3A07-4B7B-BA3A-5DBB47C54BA2}.Release|Any CPU.Build.0 = Release|Any CPU
		{DF249F70-54B9-4659-83B9-358640C0F9B6}.Debug|Any CPU.ActiveCfg = Debug|Any CPU
		{DF249F70-54B9-4659-83B9-358640C0F9B6}.Debug|Any CPU.Build.0 = Debug|Any CPU
		{DF249F70-54B9-4659-83B9-358640C0F9B6}.Release|Any CPU.ActiveCfg = Release|Any CPU
		{DF249F70-54B9-4659-83B9-358640C0F9B6}.Release|Any CPU.Build.0 = Release|Any CPU
		{0B4DBE40-9B85-4147-BD1D-E028B822787A}.Debug|Any CPU.ActiveCfg = Debug|Any CPU
		{0B4DBE40-9B85-4147-BD1D-E028B822787A}.Debug|Any CPU.Build.0 = Debug|Any CPU
		{0B4DBE40-9B85-4147-BD1D-E028B822787A}.Release|Any CPU.ActiveCfg = Release|Any CPU
		{0B4DBE40-9B85-4147-BD1D-E028B822787A}.Release|Any CPU.Build.0 = Release|Any CPU
		{D63873E2-1141-47CD-AE0C-D43BF1698324}.Debug|Any CPU.ActiveCfg = Debug|Any CPU
		{D63873E2-1141-47CD-AE0C-D43BF1698324}.Debug|Any CPU.Build.0 = Debug|Any CPU
		{D63873E2-1141-47CD-AE0C-D43BF1698324}.Release|Any CPU.ActiveCfg = Release|Any CPU
		{D63873E2-1141-47CD-AE0C-D43BF1698324}.Release|Any CPU.Build.0 = Release|Any CPU
		{B758DABD-CEF8-4006-8F52-E75EB9107DEC}.Debug|Any CPU.ActiveCfg = Debug|Any CPU
		{B758DABD-CEF8-4006-8F52-E75EB9107DEC}.Debug|Any CPU.Build.0 = Debug|Any CPU
		{B758DABD-CEF8-4006-8F52-E75EB9107DEC}.Release|Any CPU.ActiveCfg = Release|Any CPU
		{B758DABD-CEF8-4006-8F52-E75EB9107DEC}.Release|Any CPU.Build.0 = Release|Any CPU
		{DC991EB9-B3C4-4928-8D11-5A9C4A27A482}.Debug|Any CPU.ActiveCfg = Debug|Any CPU
		{DC991EB9-B3C4-4928-8D11-5A9C4A27A482}.Debug|Any CPU.Build.0 = Debug|Any CPU
		{DC991EB9-B3C4-4928-8D11-5A9C4A27A482}.Release|Any CPU.ActiveCfg = Release|Any CPU
		{DC991EB9-B3C4-4928-8D11-5A9C4A27A482}.Release|Any CPU.Build.0 = Release|Any CPU
		{0B5E3CA9-4435-4977-AD0B-FC48B684FE1F}.Debug|Any CPU.ActiveCfg = Debug|Any CPU
		{0B5E3CA9-4435-4977-AD0B-FC48B684FE1F}.Debug|Any CPU.Build.0 = Debug|Any CPU
		{0B5E3CA9-4435-4977-AD0B-FC48B684FE1F}.Release|Any CPU.ActiveCfg = Release|Any CPU
		{0B5E3CA9-4435-4977-AD0B-FC48B684FE1F}.Release|Any CPU.Build.0 = Release|Any CPU
		{94E24A33-B886-4897-B4A7-A20D6960E7D9}.Debug|Any CPU.ActiveCfg = Debug|Any CPU
		{94E24A33-B886-4897-B4A7-A20D6960E7D9}.Debug|Any CPU.Build.0 = Debug|Any CPU
		{94E24A33-B886-4897-B4A7-A20D6960E7D9}.Release|Any CPU.ActiveCfg = Release|Any CPU
		{94E24A33-B886-4897-B4A7-A20D6960E7D9}.Release|Any CPU.Build.0 = Release|Any CPU
		{76082EF8-FDCD-475D-B7C2-137D95E2FF6C}.Debug|Any CPU.ActiveCfg = Debug|Any CPU
		{76082EF8-FDCD-475D-B7C2-137D95E2FF6C}.Debug|Any CPU.Build.0 = Debug|Any CPU
		{76082EF8-FDCD-475D-B7C2-137D95E2FF6C}.Release|Any CPU.ActiveCfg = Release|Any CPU
		{76082EF8-FDCD-475D-B7C2-137D95E2FF6C}.Release|Any CPU.Build.0 = Release|Any CPU
		{89D75B30-737D-4C35-BA16-55B7142EAFD6}.Debug|Any CPU.ActiveCfg = Debug|Any CPU
		{89D75B30-737D-4C35-BA16-55B7142EAFD6}.Debug|Any CPU.Build.0 = Debug|Any CPU
		{89D75B30-737D-4C35-BA16-55B7142EAFD6}.Release|Any CPU.ActiveCfg = Release|Any CPU
		{89D75B30-737D-4C35-BA16-55B7142EAFD6}.Release|Any CPU.Build.0 = Release|Any CPU
		{CBB8FC72-DC63-4DA0-9ED8-3182817EE9E1}.Debug|Any CPU.ActiveCfg = Debug|Any CPU
		{CBB8FC72-DC63-4DA0-9ED8-3182817EE9E1}.Debug|Any CPU.Build.0 = Debug|Any CPU
		{CBB8FC72-DC63-4DA0-9ED8-3182817EE9E1}.Release|Any CPU.ActiveCfg = Release|Any CPU
		{CBB8FC72-DC63-4DA0-9ED8-3182817EE9E1}.Release|Any CPU.Build.0 = Release|Any CPU
	EndGlobalSection
	GlobalSection(SolutionProperties) = preSolution
		HideSolutionNode = FALSE
	EndGlobalSection
EndGlobal
