
Microsoft Visual Studio Solution File, Format Version 12.00
# Visual Studio 2013
VisualStudioVersion = 12.0.30723.0
MinimumVisualStudioVersion = 10.0.40219.1
Project("{FAE04EC0-301F-11D3-BF4B-00C04F79EFBC}") = "01.School", "01.School\01.School.csproj", "{8BFEA74B-996C-45D3-9BC2-464FB07B547E}"
EndProject
Project("{FAE04EC0-301F-11D3-BF4B-00C04F79EFBC}") = "02.Human,StudentandWorker", "02.Human,StudentandWorker\02.Human,StudentandWorker.csproj", "{C6A234C5-8012-499B-95C3-D6C4A4FED5C3}"
EndProject
Project("{FAE04EC0-301F-11D3-BF4B-00C04F79EFBC}") = "03.Animals", "03.Animals\03.Animals.csproj", "{93890844-5554-4EE8-AD59-E64B50842AF9}"
EndProject
Project("{FAE04EC0-301F-11D3-BF4B-00C04F79EFBC}") = "04.CompanyHierarchy", "04.CompanyHierarchy\04.CompanyHierarchy.csproj", "{78233A10-7D43-4C1A-863D-45F0358E5848}"
EndProject
Global
	GlobalSection(SolutionConfigurationPlatforms) = preSolution
		Debug|Any CPU = Debug|Any CPU
		Release|Any CPU = Release|Any CPU
	EndGlobalSection
	GlobalSection(ProjectConfigurationPlatforms) = postSolution
		{8BFEA74B-996C-45D3-9BC2-464FB07B547E}.Debug|Any CPU.ActiveCfg = Debug|Any CPU
		{8BFEA74B-996C-45D3-9BC2-464FB07B547E}.Debug|Any CPU.Build.0 = Debug|Any CPU
		{8BFEA74B-996C-45D3-9BC2-464FB07B547E}.Release|Any CPU.ActiveCfg = Release|Any CPU
		{8BFEA74B-996C-45D3-9BC2-464FB07B547E}.Release|Any CPU.Build.0 = Release|Any CPU
		{C6A234C5-8012-499B-95C3-D6C4A4FED5C3}.Debug|Any CPU.ActiveCfg = Debug|Any CPU
		{C6A234C5-8012-499B-95C3-D6C4A4FED5C3}.Debug|Any CPU.Build.0 = Debug|Any CPU
		{C6A234C5-8012-499B-95C3-D6C4A4FED5C3}.Release|Any CPU.ActiveCfg = Release|Any CPU
		{C6A234C5-8012-499B-95C3-D6C4A4FED5C3}.Release|Any CPU.Build.0 = Release|Any CPU
		{93890844-5554-4EE8-AD59-E64B50842AF9}.Debug|Any CPU.ActiveCfg = Debug|Any CPU
		{93890844-5554-4EE8-AD59-E64B50842AF9}.Debug|Any CPU.Build.0 = Debug|Any CPU
		{93890844-5554-4EE8-AD59-E64B50842AF9}.Release|Any CPU.ActiveCfg = Release|Any CPU
		{93890844-5554-4EE8-AD59-E64B50842AF9}.Release|Any CPU.Build.0 = Release|Any CPU
		{78233A10-7D43-4C1A-863D-45F0358E5848}.Debug|Any CPU.ActiveCfg = Debug|Any CPU
		{78233A10-7D43-4C1A-863D-45F0358E5848}.Debug|Any CPU.Build.0 = Debug|Any CPU
		{78233A10-7D43-4C1A-863D-45F0358E5848}.Release|Any CPU.ActiveCfg = Release|Any CPU
		{78233A10-7D43-4C1A-863D-45F0358E5848}.Release|Any CPU.Build.0 = Release|Any CPU
	EndGlobalSection
	GlobalSection(SolutionProperties) = preSolution
		HideSolutionNode = FALSE
	EndGlobalSection
EndGlobal
