
Microsoft Visual Studio Solution File, Format Version 12.00
# Visual Studio 2013
VisualStudioVersion = 12.0.30723.0
MinimumVisualStudioVersion = 10.0.40219.1
Project("{FAE04EC0-301F-11D3-BF4B-00C04F79EFBC}") = "SoftwareAcademy", "SoftwareAkademy\SoftwareAcademy.csproj", "{353445C0-D206-4C03-AC09-86D82EFF9C3C}"
EndProject
Project("{FAE04EC0-301F-11D3-BF4B-00C04F79EFBC}") = "HTMLRenderer", "HTMLRenderingEngine\HTMLRenderer.csproj", "{D810C865-54AA-42C3-854D-B6A8DCF67164}"
EndProject
Project("{FAE04EC0-301F-11D3-BF4B-00C04F79EFBC}") = "AcademyRPG", "AcademyRPG\AcademyRPG.csproj", "{99ADD898-CD27-4348-B707-8A34D85A4A19}"
EndProject
Project("{FAE04EC0-301F-11D3-BF4B-00C04F79EFBC}") = "AcademyEcosystem", "AcademyEcosystem\AcademyEcosystem.csproj", "{D8D04BC7-F11B-43FF-A30B-58B68EBB7007}"
EndProject
Project("{FAE04EC0-301F-11D3-BF4B-00C04F79EFBC}") = "FurnitureManufacturer", "FurnitureManufacturer\FurnitureManufacturer.csproj", "{8E9B15A2-1CE6-48E4-8143-E6B4BE5CB7B2}"
EndProject
Project("{FAE04EC0-301F-11D3-BF4B-00C04F79EFBC}") = "Infestation", "Infestation\Infestation.csproj", "{0BA8ED15-5A8C-4674-8935-4F9F6F727ADE}"
EndProject
Project("{FAE04EC0-301F-11D3-BF4B-00C04F79EFBC}") = "WarMachines", "WarMachines\WarMachines.csproj", "{96191518-4094-4BAE-B581-8A854CCE52F1}"
EndProject
Project("{FAE04EC0-301F-11D3-BF4B-00C04F79EFBC}") = "Estates", "Estates\Estates.csproj", "{81D5B6F0-CCFE-429F-B4E2-966F8927C2FD}"
EndProject
Project("{FAE04EC0-301F-11D3-BF4B-00C04F79EFBC}") = "RestaurantManager", "Restaurant\RestaurantManager.csproj", "{5DC18CD8-FF65-43DD-8CBD-A6DABB32BF01}"
EndProject
Global
	GlobalSection(SolutionConfigurationPlatforms) = preSolution
		Debug|Any CPU = Debug|Any CPU
		Release|Any CPU = Release|Any CPU
	EndGlobalSection
	GlobalSection(ProjectConfigurationPlatforms) = postSolution
		{353445C0-D206-4C03-AC09-86D82EFF9C3C}.Debug|Any CPU.ActiveCfg = Debug|Any CPU
		{353445C0-D206-4C03-AC09-86D82EFF9C3C}.Debug|Any CPU.Build.0 = Debug|Any CPU
		{353445C0-D206-4C03-AC09-86D82EFF9C3C}.Release|Any CPU.ActiveCfg = Release|Any CPU
		{353445C0-D206-4C03-AC09-86D82EFF9C3C}.Release|Any CPU.Build.0 = Release|Any CPU
		{D810C865-54AA-42C3-854D-B6A8DCF67164}.Debug|Any CPU.ActiveCfg = Debug|Any CPU
		{D810C865-54AA-42C3-854D-B6A8DCF67164}.Debug|Any CPU.Build.0 = Debug|Any CPU
		{D810C865-54AA-42C3-854D-B6A8DCF67164}.Release|Any CPU.ActiveCfg = Release|Any CPU
		{D810C865-54AA-42C3-854D-B6A8DCF67164}.Release|Any CPU.Build.0 = Release|Any CPU
		{99ADD898-CD27-4348-B707-8A34D85A4A19}.Debug|Any CPU.ActiveCfg = Debug|Any CPU
		{99ADD898-CD27-4348-B707-8A34D85A4A19}.Debug|Any CPU.Build.0 = Debug|Any CPU
		{99ADD898-CD27-4348-B707-8A34D85A4A19}.Release|Any CPU.ActiveCfg = Release|Any CPU
		{99ADD898-CD27-4348-B707-8A34D85A4A19}.Release|Any CPU.Build.0 = Release|Any CPU
		{D8D04BC7-F11B-43FF-A30B-58B68EBB7007}.Debug|Any CPU.ActiveCfg = Debug|Any CPU
		{D8D04BC7-F11B-43FF-A30B-58B68EBB7007}.Debug|Any CPU.Build.0 = Debug|Any CPU
		{D8D04BC7-F11B-43FF-A30B-58B68EBB7007}.Release|Any CPU.ActiveCfg = Release|Any CPU
		{D8D04BC7-F11B-43FF-A30B-58B68EBB7007}.Release|Any CPU.Build.0 = Release|Any CPU
		{8E9B15A2-1CE6-48E4-8143-E6B4BE5CB7B2}.Debug|Any CPU.ActiveCfg = Debug|Any CPU
		{8E9B15A2-1CE6-48E4-8143-E6B4BE5CB7B2}.Debug|Any CPU.Build.0 = Debug|Any CPU
		{8E9B15A2-1CE6-48E4-8143-E6B4BE5CB7B2}.Release|Any CPU.ActiveCfg = Release|Any CPU
		{8E9B15A2-1CE6-48E4-8143-E6B4BE5CB7B2}.Release|Any CPU.Build.0 = Release|Any CPU
		{0BA8ED15-5A8C-4674-8935-4F9F6F727ADE}.Debug|Any CPU.ActiveCfg = Debug|Any CPU
		{0BA8ED15-5A8C-4674-8935-4F9F6F727ADE}.Debug|Any CPU.Build.0 = Debug|Any CPU
		{0BA8ED15-5A8C-4674-8935-4F9F6F727ADE}.Release|Any CPU.ActiveCfg = Release|Any CPU
		{0BA8ED15-5A8C-4674-8935-4F9F6F727ADE}.Release|Any CPU.Build.0 = Release|Any CPU
		{96191518-4094-4BAE-B581-8A854CCE52F1}.Debug|Any CPU.ActiveCfg = Debug|Any CPU
		{96191518-4094-4BAE-B581-8A854CCE52F1}.Debug|Any CPU.Build.0 = Debug|Any CPU
		{96191518-4094-4BAE-B581-8A854CCE52F1}.Release|Any CPU.ActiveCfg = Release|Any CPU
		{96191518-4094-4BAE-B581-8A854CCE52F1}.Release|Any CPU.Build.0 = Release|Any CPU
		{81D5B6F0-CCFE-429F-B4E2-966F8927C2FD}.Debug|Any CPU.ActiveCfg = Debug|Any CPU
		{81D5B6F0-CCFE-429F-B4E2-966F8927C2FD}.Debug|Any CPU.Build.0 = Debug|Any CPU
		{81D5B6F0-CCFE-429F-B4E2-966F8927C2FD}.Release|Any CPU.ActiveCfg = Release|Any CPU
		{81D5B6F0-CCFE-429F-B4E2-966F8927C2FD}.Release|Any CPU.Build.0 = Release|Any CPU
		{5DC18CD8-FF65-43DD-8CBD-A6DABB32BF01}.Debug|Any CPU.ActiveCfg = Debug|Any CPU
		{5DC18CD8-FF65-43DD-8CBD-A6DABB32BF01}.Debug|Any CPU.Build.0 = Debug|Any CPU
		{5DC18CD8-FF65-43DD-8CBD-A6DABB32BF01}.Release|Any CPU.ActiveCfg = Release|Any CPU
		{5DC18CD8-FF65-43DD-8CBD-A6DABB32BF01}.Release|Any CPU.Build.0 = Release|Any CPU
	EndGlobalSection
	GlobalSection(SolutionProperties) = preSolution
		HideSolutionNode = FALSE
	EndGlobalSection
EndGlobal
