
Microsoft Visual Studio Solution File, Format Version 12.00
# Visual Studio 2013
VisualStudioVersion = 12.0.31101.0
MinimumVisualStudioVersion = 10.0.40219.1
Project("{FAE04EC0-301F-11D3-BF4B-00C04F79EFBC}") = "BugTracker.Data", "BugTracker.Data\BugTracker.Data.csproj", "{11458C90-3D99-4358-B0AF-6992CDB69154}"
EndProject
Project("{FAE04EC0-301F-11D3-BF4B-00C04F79EFBC}") = "BugTracker.RestServices", "BugTracker.RestServices\BugTracker.RestServices.csproj", "{18AB8155-F957-4C20-A821-23426349E789}"
EndProject
Project("{FAE04EC0-301F-11D3-BF4B-00C04F79EFBC}") = "BugTracker.Tests", "BugTracker.Tests\BugTracker.Tests.csproj", "{F18C8FD4-4691-4FE5-9810-121F13758B9B}"
EndProject
Global
	GlobalSection(SolutionConfigurationPlatforms) = preSolution
		Debug|Any CPU = Debug|Any CPU
		Release|Any CPU = Release|Any CPU
	EndGlobalSection
	GlobalSection(ProjectConfigurationPlatforms) = postSolution
		{11458C90-3D99-4358-B0AF-6992CDB69154}.Debug|Any CPU.ActiveCfg = Debug|Any CPU
		{11458C90-3D99-4358-B0AF-6992CDB69154}.Debug|Any CPU.Build.0 = Debug|Any CPU
		{11458C90-3D99-4358-B0AF-6992CDB69154}.Release|Any CPU.ActiveCfg = Release|Any CPU
		{11458C90-3D99-4358-B0AF-6992CDB69154}.Release|Any CPU.Build.0 = Release|Any CPU
		{18AB8155-F957-4C20-A821-23426349E789}.Debug|Any CPU.ActiveCfg = Debug|Any CPU
		{18AB8155-F957-4C20-A821-23426349E789}.Debug|Any CPU.Build.0 = Debug|Any CPU
		{18AB8155-F957-4C20-A821-23426349E789}.Release|Any CPU.ActiveCfg = Release|Any CPU
		{18AB8155-F957-4C20-A821-23426349E789}.Release|Any CPU.Build.0 = Release|Any CPU
		{F18C8FD4-4691-4FE5-9810-121F13758B9B}.Debug|Any CPU.ActiveCfg = Debug|Any CPU
		{F18C8FD4-4691-4FE5-9810-121F13758B9B}.Debug|Any CPU.Build.0 = Debug|Any CPU
		{F18C8FD4-4691-4FE5-9810-121F13758B9B}.Release|Any CPU.ActiveCfg = Release|Any CPU
		{F18C8FD4-4691-4FE5-9810-121F13758B9B}.Release|Any CPU.Build.0 = Release|Any CPU
	EndGlobalSection
	GlobalSection(SolutionProperties) = preSolution
		HideSolutionNode = FALSE
	EndGlobalSection
EndGlobal
